# This file is automatically @generated by Cargo.
# It is not intended for manual editing.
version = 4

[[package]]
name = "museair"
version = "0.3.0"

[[package]]
name = "museair"
version = "0.4.0"

[[package]]
name = "museair"
version = "0.5.1"

[[package]]
name = "museair"
version = "0.6.0"

[[package]]
name = "paircheck"
version = "0.1.0"
dependencies = [
 "museair 0.3.0",
 "museair 0.4.0",
 "museair 0.5.1",
 "museair 0.6.0",
]
