# This file is automatically @generated by Cargo.
# It is not intended for manual editing.
version = 4

[[package]]
name = "gxhash"
version = "3.5.0"
dependencies = [
 "rustversion",
]

[[package]]
name = "rustcheck"
version = "0.1.0"
dependencies = [
 "gxhash",
]

[[package]]
name = "rustversion"
version = "1.0.23"
source = "registry+https://github.com/rust-lang/crates.io-index"
checksum = "cf54715a573b99ac80df0bc206da022bcd442c974952c7b9720069370852e21f"
