# This file is automatically @generated by Cargo.
# It is not intended for manual editing.
version = 4

[[package]]
name = "museair"
version = "0.6.0"
source = "registry+https://github.com/rust-lang/crates.io-index"
checksum = "e07cb15b6e86f28d77f1c9a79ae9f1f12670941f8cc81bacefb4038ef987314e"

[[package]]
name = "museair_v2_verify"
version = "0.1.0"
dependencies = [
 "museair",
]
